
Microsoft Visual Studio Solution File, Format Version 12.00
# Visual Studio Version 16
VisualStudioVersion = 16.0.30804.86
MinimumVisualStudioVersion = 10.0.40219.1
Project("{FAE04EC0-301F-11D3-BF4B-00C04F79EFBC}") = "Project_PRG", "Project_PRG.csproj", "{DD872597-31F9-4173-B843-6B84D8F5CF69}"
EndProject
Global
	GlobalSection(SolutionConfigurationPlatforms) = preSolution
		Debug|Any CPU = Debug|Any CPU
		Release|Any CPU = Release|Any CPU
	EndGlobalSection
	GlobalSection(ProjectConfigurationPlatforms) = postSolution
		{DD872597-31F9-4173-B843-6B84D8F5CF69}.Debug|Any CPU.ActiveCfg = Debug|Any CPU
		{DD872597-31F9-4173-B843-6B84D8F5CF69}.Debug|Any CPU.Build.0 = Debug|Any CPU
		{DD872597-31F9-4173-B843-6B84D8F5CF69}.Release|Any CPU.ActiveCfg = Release|Any CPU
		{DD872597-31F9-4173-B843-6B84D8F5CF69}.Release|Any CPU.Build.0 = Release|Any CPU
	EndGlobalSection
	GlobalSection(SolutionProperties) = preSolution
		HideSolutionNode = FALSE
	EndGlobalSection
	GlobalSection(ExtensibilityGlobals) = postSolution
		SolutionGuid = {C421FBFE-B680-42AA-AD91-FA8C16CE7FAA}
	EndGlobalSection
EndGlobal
